
Microsoft Visual Studio Solution File, Format Version 12.00
# Visual Studio Version 17
VisualStudioVersion = 17.7.34009.444
MinimumVisualStudioVersion = 10.0.40219.1
Project("{FAE04EC0-301F-11D3-BF4B-00C04F79EFBC}") = "HotelService", "HotelService.csproj", "{9A843DFB-08AA-4E15-9140-90A1ABBC1EE4}"
EndProject
Global
	GlobalSection(SolutionConfigurationPlatforms) = preSolution
		Debug|Any CPU = Debug|Any CPU
		Release|Any CPU = Release|Any CPU
	EndGlobalSection
	GlobalSection(ProjectConfigurationPlatforms) = postSolution
		{9A843DFB-08AA-4E15-9140-90A1ABBC1EE4}.Debug|Any CPU.ActiveCfg = Debug|Any CPU
		{9A843DFB-08AA-4E15-9140-90A1ABBC1EE4}.Debug|Any CPU.Build.0 = Debug|Any CPU
		{9A843DFB-08AA-4E15-9140-90A1ABBC1EE4}.Release|Any CPU.ActiveCfg = Release|Any CPU
		{9A843DFB-08AA-4E15-9140-90A1ABBC1EE4}.Release|Any CPU.Build.0 = Release|Any CPU
	EndGlobalSection
	GlobalSection(SolutionProperties) = preSolution
		HideSolutionNode = FALSE
	EndGlobalSection
	GlobalSection(ExtensibilityGlobals) = postSolution
		SolutionGuid = {0A05914B-BB9A-4E4A-B689-7C67BC30D7DA}
	EndGlobalSection
EndGlobal
